
Microsoft Visual Studio Solution File, Format Version 12.00
# Visual Studio Version 16
VisualStudioVersion = 16.0.28729.10
MinimumVisualStudioVersion = 10.0.40219.1
Project("{2150E333-8FDC-42A3-9474-1A3956D46DE8}") = "Solution Items", "Solution Items", "{3DB4C4A2-CB19-4B60-8524-40FCCAE2EF1A}"
	ProjectSection(SolutionItems) = preProject
		readme.md = readme.md
	EndProjectSection
EndProject
Project("{2150E333-8FDC-42A3-9474-1A3956D46DE8}") = "【我的自媒体建设手记】一、打个地基", "【我的自媒体建设手记】一、打个地基", "{7AC2FC8D-E99F-40C2-884E-470E81C1FD40}"
	ProjectSection(SolutionItems) = preProject
		【我的自媒体建设手记】一、打个地基.MD = 【我的自媒体建设手记】一、打个地基.MD
	EndProjectSection
EndProject
Project("{2150E333-8FDC-42A3-9474-1A3956D46DE8}") = "我的十年创业路", "我的十年创业路", "{E1B0CC49-C09A-43E7-BF95-D5B9EBFFD26E}"
	ProjectSection(SolutionItems) = preProject
		我的十年创业路.MD = 我的十年创业路.MD
	EndProjectSection
EndProject
Project("{2150E333-8FDC-42A3-9474-1A3956D46DE8}") = "ERP不规范，同事两行泪", "ERP不规范，同事两行泪", "{D56ACEA7-6B0B-43B9-93B0-6A608A6A521C}"
	ProjectSection(SolutionItems) = preProject
		ERP不规范，同事两行泪.MD = ERP不规范，同事两行泪.MD
	EndProjectSection
EndProject
Project("{2150E333-8FDC-42A3-9474-1A3956D46DE8}") = "Telerik控件集-2019.R1.SP1.All", "Telerik控件集-2019.R1.SP1.All", "{E05C3FF8-A1E2-49A9-9127-992DCB27BA41}"
	ProjectSection(SolutionItems) = preProject
		Telerik控件集-2019.R1.SP1.All.MD = Telerik控件集-2019.R1.SP1.All.MD
	EndProjectSection
EndProject
Project("{2150E333-8FDC-42A3-9474-1A3956D46DE8}") = "Bootstrap优秀模板-Unify.2.6.2", "Bootstrap优秀模板-Unify.2.6.2", "{7A5ED258-8C4A-4841-8796-964526F0108B}"
	ProjectSection(SolutionItems) = preProject
		Bootstrap优秀模板-Unify.2.6.2.MD = Bootstrap优秀模板-Unify.2.6.2.MD
	EndProjectSection
EndProject
Project("{2150E333-8FDC-42A3-9474-1A3956D46DE8}") = "全国行政区划数据（截止2019年3月）", "全国行政区划数据（截止2019年3月）", "{105C3073-1075-40DB-95B2-29BE10822578}"
	ProjectSection(SolutionItems) = preProject
		全国行政区划数据（截止2019年3月）.MD = 全国行政区划数据（截止2019年3月）.MD
	EndProjectSection
EndProject
Project("{2150E333-8FDC-42A3-9474-1A3956D46DE8}") = "程序员抢复联4首映票的正确方式", "程序员抢复联4首映票的正确方式", "{9C6A08E3-2C33-4122-AC04-8ECFFBDB2509}"
	ProjectSection(SolutionItems) = preProject
		程序员抢复联4首映票的正确方式.MD = 程序员抢复联4首映票的正确方式.MD
	EndProjectSection
EndProject
Project("{2150E333-8FDC-42A3-9474-1A3956D46DE8}") = "Bootstrap优秀模板-INSPINIA.2.9.2", "Bootstrap优秀模板-INSPINIA.2.9.2", "{0C08BDF7-D3A0-4A26-900B-750429EEE118}"
	ProjectSection(SolutionItems) = preProject
		Bootstrap优秀模板-INSPINIA.2.9.2.MD = Bootstrap优秀模板-INSPINIA.2.9.2.MD
	EndProjectSection
EndProject
Project("{2150E333-8FDC-42A3-9474-1A3956D46DE8}") = "434个H5游戏源码", "434个H5游戏源码", "{88B72CE0-927C-4B19-8096-EDF61A621D79}"
	ProjectSection(SolutionItems) = preProject
		434个H5游戏源码.MD = 434个H5游戏源码.MD
	EndProjectSection
EndProject
Project("{2150E333-8FDC-42A3-9474-1A3956D46DE8}") = "8000个JQuery特效（插件）", "8000个JQuery特效（插件）", "{189FB540-B25B-482D-97B4-1D6BE2052738}"
	ProjectSection(SolutionItems) = preProject
		8000个JQuery特效（插件）.MD = 8000个JQuery特效（插件）.MD
	EndProjectSection
EndProject
Global
	GlobalSection(SolutionProperties) = preSolution
		HideSolutionNode = FALSE
	EndGlobalSection
	GlobalSection(NestedProjects) = preSolution
		{7AC2FC8D-E99F-40C2-884E-470E81C1FD40} = {3DB4C4A2-CB19-4B60-8524-40FCCAE2EF1A}
		{E1B0CC49-C09A-43E7-BF95-D5B9EBFFD26E} = {3DB4C4A2-CB19-4B60-8524-40FCCAE2EF1A}
		{D56ACEA7-6B0B-43B9-93B0-6A608A6A521C} = {3DB4C4A2-CB19-4B60-8524-40FCCAE2EF1A}
		{E05C3FF8-A1E2-49A9-9127-992DCB27BA41} = {3DB4C4A2-CB19-4B60-8524-40FCCAE2EF1A}
		{7A5ED258-8C4A-4841-8796-964526F0108B} = {3DB4C4A2-CB19-4B60-8524-40FCCAE2EF1A}
		{105C3073-1075-40DB-95B2-29BE10822578} = {3DB4C4A2-CB19-4B60-8524-40FCCAE2EF1A}
		{9C6A08E3-2C33-4122-AC04-8ECFFBDB2509} = {3DB4C4A2-CB19-4B60-8524-40FCCAE2EF1A}
		{0C08BDF7-D3A0-4A26-900B-750429EEE118} = {3DB4C4A2-CB19-4B60-8524-40FCCAE2EF1A}
		{88B72CE0-927C-4B19-8096-EDF61A621D79} = {3DB4C4A2-CB19-4B60-8524-40FCCAE2EF1A}
		{189FB540-B25B-482D-97B4-1D6BE2052738} = {3DB4C4A2-CB19-4B60-8524-40FCCAE2EF1A}
	EndGlobalSection
	GlobalSection(ExtensibilityGlobals) = postSolution
		SolutionGuid = {3ED268F9-A0FF-47BA-A210-26465F48C593}
	EndGlobalSection
EndGlobal
